
Microsoft Visual Studio Solution File, Format Version 12.00
# Visual Studio Version 17
VisualStudioVersion = 17.4.33213.308
MinimumVisualStudioVersion = 10.0.40219.1
Project("{FAE04EC0-301F-11D3-BF4B-00C04F79EFBC}") = "Задание 3", "ПЗ4\Задание 3.csproj", "{5A63E238-3571-4A12-A4AD-EBDA6CECFA4D}"
EndProject
Project("{FAE04EC0-301F-11D3-BF4B-00C04F79EFBC}") = "Задание 2", "Задание 2\Задание 2.csproj", "{C9DAA985-321B-4A06-B5C2-916D3931D799}"
EndProject
Project("{FAE04EC0-301F-11D3-BF4B-00C04F79EFBC}") = "Доп.Задание", "Доп.Задание\Доп.Задание.csproj", "{F51C4F1C-9486-4668-86A6-825721C9CD72}"
EndProject
Global
	GlobalSection(SolutionConfigurationPlatforms) = preSolution
		Debug|Any CPU = Debug|Any CPU
		Release|Any CPU = Release|Any CPU
	EndGlobalSection
	GlobalSection(ProjectConfigurationPlatforms) = postSolution
		{5A63E238-3571-4A12-A4AD-EBDA6CECFA4D}.Debug|Any CPU.ActiveCfg = Debug|Any CPU
		{5A63E238-3571-4A12-A4AD-EBDA6CECFA4D}.Debug|Any CPU.Build.0 = Debug|Any CPU
		{5A63E238-3571-4A12-A4AD-EBDA6CECFA4D}.Release|Any CPU.ActiveCfg = Release|Any CPU
		{5A63E238-3571-4A12-A4AD-EBDA6CECFA4D}.Release|Any CPU.Build.0 = Release|Any CPU
		{C9DAA985-321B-4A06-B5C2-916D3931D799}.Debug|Any CPU.ActiveCfg = Debug|Any CPU
		{C9DAA985-321B-4A06-B5C2-916D3931D799}.Debug|Any CPU.Build.0 = Debug|Any CPU
		{C9DAA985-321B-4A06-B5C2-916D3931D799}.Release|Any CPU.ActiveCfg = Release|Any CPU
		{C9DAA985-321B-4A06-B5C2-916D3931D799}.Release|Any CPU.Build.0 = Release|Any CPU
		{F51C4F1C-9486-4668-86A6-825721C9CD72}.Debug|Any CPU.ActiveCfg = Debug|Any CPU
		{F51C4F1C-9486-4668-86A6-825721C9CD72}.Debug|Any CPU.Build.0 = Debug|Any CPU
		{F51C4F1C-9486-4668-86A6-825721C9CD72}.Release|Any CPU.ActiveCfg = Release|Any CPU
		{F51C4F1C-9486-4668-86A6-825721C9CD72}.Release|Any CPU.Build.0 = Release|Any CPU
	EndGlobalSection
	GlobalSection(SolutionProperties) = preSolution
		HideSolutionNode = FALSE
	EndGlobalSection
	GlobalSection(ExtensibilityGlobals) = postSolution
		SolutionGuid = {4A3933E6-D251-4165-8F59-7788714C73C9}
	EndGlobalSection
EndGlobal
